
Microsoft Visual Studio Solution File, Format Version 12.00
# Visual Studio Version 16
VisualStudioVersion = 16.0.30002.166
MinimumVisualStudioVersion = 10.0.40219.1
Project("{9A19103F-16F7-4668-BE54-9A1E7A4F7556}") = "WxInjector", "WxInjector\WxInjector.csproj", "{FBEC15BA-138F-432D-86E6-B2F542FABD2F}"
EndProject
Global
	GlobalSection(SolutionConfigurationPlatforms) = preSolution
		Debug|Any CPU = Debug|Any CPU
		Release|Any CPU = Release|Any CPU
	EndGlobalSection
	GlobalSection(ProjectConfigurationPlatforms) = postSolution
		{FBEC15BA-138F-432D-86E6-B2F542FABD2F}.Debug|Any CPU.ActiveCfg = Debug|Any CPU
		{FBEC15BA-138F-432D-86E6-B2F542FABD2F}.Debug|Any CPU.Build.0 = Debug|Any CPU
		{FBEC15BA-138F-432D-86E6-B2F542FABD2F}.Release|Any CPU.ActiveCfg = Release|Any CPU
		{FBEC15BA-138F-432D-86E6-B2F542FABD2F}.Release|Any CPU.Build.0 = Release|Any CPU
	EndGlobalSection
	GlobalSection(SolutionProperties) = preSolution
		HideSolutionNode = FALSE
	EndGlobalSection
	GlobalSection(ExtensibilityGlobals) = postSolution
		SolutionGuid = {8E5D7442-9CF5-47AD-B607-60CDF5973D0D}
	EndGlobalSection
EndGlobal
